
Microsoft Visual Studio Solution File, Format Version 12.00
# Visual Studio 15
VisualStudioVersion = 15.0.27703.2042
MinimumVisualStudioVersion = 10.0.40219.1
Project("{FAE04EC0-301F-11D3-BF4B-00C04F79EFBC}") = "componentes", "componentes\componentes.csproj", "{838C8F7B-78FD-4F32-A344-8A49874CA5EE}"
EndProject
Global
	GlobalSection(SolutionConfigurationPlatforms) = preSolution
		Debug|Any CPU = Debug|Any CPU
		Release|Any CPU = Release|Any CPU
	EndGlobalSection
	GlobalSection(ProjectConfigurationPlatforms) = postSolution
		{838C8F7B-78FD-4F32-A344-8A49874CA5EE}.Debug|Any CPU.ActiveCfg = Debug|Any CPU
		{838C8F7B-78FD-4F32-A344-8A49874CA5EE}.Debug|Any CPU.Build.0 = Debug|Any CPU
		{838C8F7B-78FD-4F32-A344-8A49874CA5EE}.Release|Any CPU.ActiveCfg = Release|Any CPU
		{838C8F7B-78FD-4F32-A344-8A49874CA5EE}.Release|Any CPU.Build.0 = Release|Any CPU
	EndGlobalSection
	GlobalSection(SolutionProperties) = preSolution
		HideSolutionNode = FALSE
	EndGlobalSection
	GlobalSection(ExtensibilityGlobals) = postSolution
		SolutionGuid = {FE3D4281-A245-4ACC-B44A-68C6335A9128}
	EndGlobalSection
EndGlobal
